{
    "name": "auto-e2e",
    "version": "1.0.0",
    "lockfileVersion": 1,
    "requires": true,
    "dependencies": {
        "@types/graphql": {
            "version": "14.5.0",
            "resolved": "https://registry.npmjs.org/@types/graphql/-/graphql-14.5.0.tgz",
            "integrity": "sha512-MOkzsEp1Jk5bXuAsHsUi6BVv0zCO+7/2PTiZMXWDSsMXvNU6w/PLMQT2vHn8hy2i0JqojPz1Sz6rsFjHtsU0lA==",
            "dev": true,
            "requires": {
                "graphql": "*"
            }
        },
        "@types/node": {
            "version": "13.5.0",
            "resolved": "https://registry.npmjs.org/@types/node/-/node-13.5.0.tgz",
            "integrity": "sha512-Onhn+z72D2O2Pb2ql2xukJ55rglumsVo1H6Fmyi8mlU9SvKdBk/pUSUAiBY/d9bAOF7VVWajX3sths/+g6ZiAQ==",
            "dev": true
        },
        "@wry/equality": {
            "version": "0.1.9",
            "resolved": "https://registry.npmjs.org/@wry/equality/-/equality-0.1.9.tgz",
            "integrity": "sha512-mB6ceGjpMGz1ZTza8HYnrPGos2mC6So4NhS1PtZ8s4Qt0K7fBiIGhpSxUbQmhwcSWE3no+bYxmI2OL6KuXYmoQ==",
            "dev": true,
            "requires": {
                "tslib": "^1.9.3"
            }
        },
        "apollo-link": {
            "version": "1.2.13",
            "resolved": "https://registry.npmjs.org/apollo-link/-/apollo-link-1.2.13.tgz",
            "integrity": "sha512-+iBMcYeevMm1JpYgwDEIDt/y0BB7VWyvlm/7x+TIPNLHCTCMgcEgDuW5kH86iQZWo0I7mNwQiTOz+/3ShPFmBw==",
            "dev": true,
            "requires": {
                "apollo-utilities": "^1.3.0",
                "ts-invariant": "^0.4.0",
                "tslib": "^1.9.3",
                "zen-observable-ts": "^0.8.20"
            }
        },
        "apollo-utilities": {
            "version": "1.3.3",
            "resolved": "https://registry.npmjs.org/apollo-utilities/-/apollo-utilities-1.3.3.tgz",
            "integrity": "sha512-F14aX2R/fKNYMvhuP2t9GD9fggID7zp5I96MF5QeKYWDWTrkRdHRp4+SVfXUVN+cXOaB/IebfvRtzPf25CM0zw==",
            "dev": true,
            "requires": {
                "@wry/equality": "^0.1.2",
                "fast-json-stable-stringify": "^2.0.0",
                "ts-invariant": "^0.4.0",
                "tslib": "^1.10.0"
            }
        },
        "deno_ls_plugin": {
            "version": "0.1.0",
            "resolved": "https://registry.npmjs.org/deno_ls_plugin/-/deno_ls_plugin-0.1.0.tgz",
            "integrity": "sha512-mUV2q6Alx3p1B21R5yVIc/wmeCcPftz/CcbsY0kbV/djyFRLZU/Gqmn6sqvMCm2zb+suHinPE99QhySIFuz5hw=="
        },
        "deprecated-decorator": {
            "version": "0.1.6",
            "resolved": "https://registry.npmjs.org/deprecated-decorator/-/deprecated-decorator-0.1.6.tgz",
            "integrity": "sha1-AJZjF7ehL+kvPMgx91g68ym4bDc=",
            "dev": true
        },
        "fast-json-stable-stringify": {
            "version": "2.1.0",
            "resolved": "https://registry.npmjs.org/fast-json-stable-stringify/-/fast-json-stable-stringify-2.1.0.tgz",
            "integrity": "sha512-lhd/wF+Lk98HZoTCtlVraHtfh5XYijIjalXck7saUtuanSDyLMxnHhSXEDJqHxD7msR8D0uCmqlkwjCV8xvwHw==",
            "dev": true
        },
        "graphql": {
            "version": "14.5.8",
            "resolved": "https://registry.npmjs.org/graphql/-/graphql-14.5.8.tgz",
            "integrity": "sha512-MMwmi0zlVLQKLdGiMfWkgQD7dY/TUKt4L+zgJ/aR0Howebod3aNgP5JkgvAULiR2HPVZaP2VEElqtdidHweLkg==",
            "dev": true,
            "requires": {
                "iterall": "^1.2.2"
            }
        },
        "graphql-tools": {
            "version": "4.0.6",
            "resolved": "https://registry.npmjs.org/graphql-tools/-/graphql-tools-4.0.6.tgz",
            "integrity": "sha512-jHLQw8x3xmSNRBCsaZqelXXsFfUSUSktSCUP8KYHiX1Z9qEuwcMpAf+FkdBzk8aTAFqOlPdNZ3OI4DKKqGKUqg==",
            "dev": true,
            "requires": {
                "apollo-link": "^1.2.3",
                "apollo-utilities": "^1.0.1",
                "deprecated-decorator": "^0.1.6",
                "iterall": "^1.1.3",
                "uuid": "^3.1.0"
            }
        },
        "iterall": {
            "version": "1.3.0",
            "resolved": "https://registry.npmjs.org/iterall/-/iterall-1.3.0.tgz",
            "integrity": "sha512-QZ9qOMdF+QLHxy1QIpUHUU1D5pS2CG2P69LF6L6CPjPYA/XMOmKV3PZpawHoAjHNyB0swdVTRxdYT4tbBbxqwg==",
            "dev": true
        },
        "ts-invariant": {
            "version": "0.4.4",
            "resolved": "https://registry.npmjs.org/ts-invariant/-/ts-invariant-0.4.4.tgz",
            "integrity": "sha512-uEtWkFM/sdZvRNNDL3Ehu4WVpwaulhwQszV8mrtcdeE8nN00BV9mAmQ88RkrBhFgl9gMgvjJLAQcZbnPXI9mlA==",
            "dev": true,
            "requires": {
                "tslib": "^1.9.3"
            }
        },
        "tslib": {
            "version": "1.10.0",
            "resolved": "https://registry.npmjs.org/tslib/-/tslib-1.10.0.tgz",
            "integrity": "sha512-qOebF53frne81cf0S9B41ByenJ3/IuH8yJKngAX35CmiZySA0khhkovshKK+jGCaMnVomla7gVlIcc3EvKPbTQ==",
            "dev": true
        },
        "typescript": {
            "version": "3.7.4",
            "resolved": "https://registry.npmjs.org/typescript/-/typescript-3.7.4.tgz",
            "integrity": "sha512-A25xv5XCtarLwXpcDNZzCGvW2D1S3/bACratYBx2sax8PefsFhlYmkQicKHvpYflFS8if4zne5zT5kpJ7pzuvw=="
        },
        "uuid": {
            "version": "3.4.0",
            "resolved": "https://registry.npmjs.org/uuid/-/uuid-3.4.0.tgz",
            "integrity": "sha512-HjSDRw6gZE5JMggctHBcjVak08+KEVhSIiDzFnT9S9aegmp85S/bReBVTb4QTFaRNptJ9kuYaNhnbNEOkbKb/A==",
            "dev": true
        },
        "zen-observable": {
            "version": "0.8.15",
            "resolved": "https://registry.npmjs.org/zen-observable/-/zen-observable-0.8.15.tgz",
            "integrity": "sha512-PQ2PC7R9rslx84ndNBZB/Dkv8V8fZEpk83RLgXtYd0fwUgEjseMn1Dgajh2x6S8QbZAFa9p2qVCEuYZNgve0dQ==",
            "dev": true
        },
        "zen-observable-ts": {
            "version": "0.8.20",
            "resolved": "https://registry.npmjs.org/zen-observable-ts/-/zen-observable-ts-0.8.20.tgz",
            "integrity": "sha512-2rkjiPALhOtRaDX6pWyNqK1fnP5KkJJybYebopNSn6wDG1lxBoFs2+nwwXKoA6glHIrtwrfBBy6da0stkKtTAA==",
            "dev": true,
            "requires": {
                "tslib": "^1.9.3",
                "zen-observable": "^0.8.0"
            }
        }
    }
}
